
Microsoft Visual Studio Solution File, Format Version 12.00
# Visual Studio 2013
VisualStudioVersion = 12.0.40629.0
MinimumVisualStudioVersion = 10.0.40219.1
Project("{FAE04EC0-301F-11D3-BF4B-00C04F79EFBC}") = "Factory", "DesignPattern\Factory.csproj", "{1B400E5D-D07D-45AF-9D36-7C7F7E25017A}"
EndProject
Project("{FAE04EC0-301F-11D3-BF4B-00C04F79EFBC}") = "ConsoleCalculator0", "Calculator\ConsoleCalculator0.csproj", "{BA284739-9902-4824-9E3B-6029CD7082D8}"
EndProject
Project("{FAE04EC0-301F-11D3-BF4B-00C04F79EFBC}") = "ConsoleCalculator1", "ConsoleCalculator1\ConsoleCalculator1.csproj", "{D66687A6-7A4E-4607-93E7-3842EFACA65F}"
EndProject
Project("{FAE04EC0-301F-11D3-BF4B-00C04F79EFBC}") = "ConsoleCalculator2", "ConsoleCalculator2\ConsoleCalculator2.csproj", "{481CB521-2980-447E-8801-D1A54C1FC826}"
EndProject
Global
	GlobalSection(SolutionConfigurationPlatforms) = preSolution
		Debug|Any CPU = Debug|Any CPU
		Release|Any CPU = Release|Any CPU
	EndGlobalSection
	GlobalSection(ProjectConfigurationPlatforms) = postSolution
		{1B400E5D-D07D-45AF-9D36-7C7F7E25017A}.Debug|Any CPU.ActiveCfg = Debug|Any CPU
		{1B400E5D-D07D-45AF-9D36-7C7F7E25017A}.Debug|Any CPU.Build.0 = Debug|Any CPU
		{1B400E5D-D07D-45AF-9D36-7C7F7E25017A}.Release|Any CPU.ActiveCfg = Release|Any CPU
		{1B400E5D-D07D-45AF-9D36-7C7F7E25017A}.Release|Any CPU.Build.0 = Release|Any CPU
		{BA284739-9902-4824-9E3B-6029CD7082D8}.Debug|Any CPU.ActiveCfg = Debug|Any CPU
		{BA284739-9902-4824-9E3B-6029CD7082D8}.Debug|Any CPU.Build.0 = Debug|Any CPU
		{BA284739-9902-4824-9E3B-6029CD7082D8}.Release|Any CPU.ActiveCfg = Release|Any CPU
		{BA284739-9902-4824-9E3B-6029CD7082D8}.Release|Any CPU.Build.0 = Release|Any CPU
		{D66687A6-7A4E-4607-93E7-3842EFACA65F}.Debug|Any CPU.ActiveCfg = Debug|Any CPU
		{D66687A6-7A4E-4607-93E7-3842EFACA65F}.Debug|Any CPU.Build.0 = Debug|Any CPU
		{D66687A6-7A4E-4607-93E7-3842EFACA65F}.Release|Any CPU.ActiveCfg = Release|Any CPU
		{D66687A6-7A4E-4607-93E7-3842EFACA65F}.Release|Any CPU.Build.0 = Release|Any CPU
		{481CB521-2980-447E-8801-D1A54C1FC826}.Debug|Any CPU.ActiveCfg = Debug|Any CPU
		{481CB521-2980-447E-8801-D1A54C1FC826}.Debug|Any CPU.Build.0 = Debug|Any CPU
		{481CB521-2980-447E-8801-D1A54C1FC826}.Release|Any CPU.ActiveCfg = Release|Any CPU
		{481CB521-2980-447E-8801-D1A54C1FC826}.Release|Any CPU.Build.0 = Release|Any CPU
	EndGlobalSection
	GlobalSection(SolutionProperties) = preSolution
		HideSolutionNode = FALSE
	EndGlobalSection
EndGlobal
