
Microsoft Visual Studio Solution File, Format Version 12.00
# Visual Studio 2013
VisualStudioVersion = 12.0.40629.0
MinimumVisualStudioVersion = 10.0.40219.1
Project("{FAE04EC0-301F-11D3-BF4B-00C04F79EFBC}") = "ConsoleCalculator0", "Calculator\ConsoleCalculator0.csproj", "{BA284739-9902-4824-9E3B-6029CD7082D8}"
EndProject
Project("{FAE04EC0-301F-11D3-BF4B-00C04F79EFBC}") = "ConsoleCalculator1", "ConsoleCalculator1\ConsoleCalculator1.csproj", "{D66687A6-7A4E-4607-93E7-3842EFACA65F}"
EndProject
Project("{FAE04EC0-301F-11D3-BF4B-00C04F79EFBC}") = "ConsoleCalculator2", "ConsoleCalculator2\ConsoleCalculator2.csproj", "{481CB521-2980-447E-8801-D1A54C1FC826}"
EndProject
Project("{FAE04EC0-301F-11D3-BF4B-00C04F79EFBC}") = "ConsoleCalculator3", "ConsoleCalculator3\ConsoleCalculator3.csproj", "{D7C3EE24-E4C8-4468-AD82-9E3F9B1DB580}"
EndProject
Project("{FAE04EC0-301F-11D3-BF4B-00C04F79EFBC}") = "Strategypattern", "Strategypattern\Strategypattern.csproj", "{BC64BD47-64DA-42B0-995D-70175935DFA8}"
EndProject
Project("{FAE04EC0-301F-11D3-BF4B-00C04F79EFBC}") = "DecoratePattern", "DecoratePattern\DecoratePattern.csproj", "{E3985D49-5C22-4C88-980F-8B70D8FDFD2C}"
EndProject
Project("{FAE04EC0-301F-11D3-BF4B-00C04F79EFBC}") = "SimpleFactoryPattern", "SimpleFactoryPattern\SimpleFactoryPattern.csproj", "{501B073B-62C8-4904-903E-52441A46E129}"
EndProject
Project("{FAE04EC0-301F-11D3-BF4B-00C04F79EFBC}") = "FactoryPattern", "FactoryPattern\FactoryPattern.csproj", "{E4EFAAC0-C2D8-4DEC-89D0-B995150B46DA}"
EndProject
Project("{FAE04EC0-301F-11D3-BF4B-00C04F79EFBC}") = "AbstractFactoryPattern", "AbstractFactoryPattern\AbstractFactoryPattern.csproj", "{A6C6DD26-C445-4682-9DAB-C09D963F5391}"
EndProject
Global
	GlobalSection(SolutionConfigurationPlatforms) = preSolution
		Debug|Any CPU = Debug|Any CPU
		Release|Any CPU = Release|Any CPU
	EndGlobalSection
	GlobalSection(ProjectConfigurationPlatforms) = postSolution
		{BA284739-9902-4824-9E3B-6029CD7082D8}.Debug|Any CPU.ActiveCfg = Debug|Any CPU
		{BA284739-9902-4824-9E3B-6029CD7082D8}.Debug|Any CPU.Build.0 = Debug|Any CPU
		{BA284739-9902-4824-9E3B-6029CD7082D8}.Release|Any CPU.ActiveCfg = Release|Any CPU
		{BA284739-9902-4824-9E3B-6029CD7082D8}.Release|Any CPU.Build.0 = Release|Any CPU
		{D66687A6-7A4E-4607-93E7-3842EFACA65F}.Debug|Any CPU.ActiveCfg = Debug|Any CPU
		{D66687A6-7A4E-4607-93E7-3842EFACA65F}.Debug|Any CPU.Build.0 = Debug|Any CPU
		{D66687A6-7A4E-4607-93E7-3842EFACA65F}.Release|Any CPU.ActiveCfg = Release|Any CPU
		{D66687A6-7A4E-4607-93E7-3842EFACA65F}.Release|Any CPU.Build.0 = Release|Any CPU
		{481CB521-2980-447E-8801-D1A54C1FC826}.Debug|Any CPU.ActiveCfg = Debug|Any CPU
		{481CB521-2980-447E-8801-D1A54C1FC826}.Debug|Any CPU.Build.0 = Debug|Any CPU
		{481CB521-2980-447E-8801-D1A54C1FC826}.Release|Any CPU.ActiveCfg = Release|Any CPU
		{481CB521-2980-447E-8801-D1A54C1FC826}.Release|Any CPU.Build.0 = Release|Any CPU
		{D7C3EE24-E4C8-4468-AD82-9E3F9B1DB580}.Debug|Any CPU.ActiveCfg = Debug|Any CPU
		{D7C3EE24-E4C8-4468-AD82-9E3F9B1DB580}.Debug|Any CPU.Build.0 = Debug|Any CPU
		{D7C3EE24-E4C8-4468-AD82-9E3F9B1DB580}.Release|Any CPU.ActiveCfg = Release|Any CPU
		{D7C3EE24-E4C8-4468-AD82-9E3F9B1DB580}.Release|Any CPU.Build.0 = Release|Any CPU
		{BC64BD47-64DA-42B0-995D-70175935DFA8}.Debug|Any CPU.ActiveCfg = Debug|Any CPU
		{BC64BD47-64DA-42B0-995D-70175935DFA8}.Debug|Any CPU.Build.0 = Debug|Any CPU
		{BC64BD47-64DA-42B0-995D-70175935DFA8}.Release|Any CPU.ActiveCfg = Release|Any CPU
		{BC64BD47-64DA-42B0-995D-70175935DFA8}.Release|Any CPU.Build.0 = Release|Any CPU
		{E3985D49-5C22-4C88-980F-8B70D8FDFD2C}.Debug|Any CPU.ActiveCfg = Debug|Any CPU
		{E3985D49-5C22-4C88-980F-8B70D8FDFD2C}.Debug|Any CPU.Build.0 = Debug|Any CPU
		{E3985D49-5C22-4C88-980F-8B70D8FDFD2C}.Release|Any CPU.ActiveCfg = Release|Any CPU
		{E3985D49-5C22-4C88-980F-8B70D8FDFD2C}.Release|Any CPU.Build.0 = Release|Any CPU
		{501B073B-62C8-4904-903E-52441A46E129}.Debug|Any CPU.ActiveCfg = Debug|Any CPU
		{501B073B-62C8-4904-903E-52441A46E129}.Debug|Any CPU.Build.0 = Debug|Any CPU
		{501B073B-62C8-4904-903E-52441A46E129}.Release|Any CPU.ActiveCfg = Release|Any CPU
		{501B073B-62C8-4904-903E-52441A46E129}.Release|Any CPU.Build.0 = Release|Any CPU
		{E4EFAAC0-C2D8-4DEC-89D0-B995150B46DA}.Debug|Any CPU.ActiveCfg = Debug|Any CPU
		{E4EFAAC0-C2D8-4DEC-89D0-B995150B46DA}.Debug|Any CPU.Build.0 = Debug|Any CPU
		{E4EFAAC0-C2D8-4DEC-89D0-B995150B46DA}.Release|Any CPU.ActiveCfg = Release|Any CPU
		{E4EFAAC0-C2D8-4DEC-89D0-B995150B46DA}.Release|Any CPU.Build.0 = Release|Any CPU
		{A6C6DD26-C445-4682-9DAB-C09D963F5391}.Debug|Any CPU.ActiveCfg = Debug|Any CPU
		{A6C6DD26-C445-4682-9DAB-C09D963F5391}.Debug|Any CPU.Build.0 = Debug|Any CPU
		{A6C6DD26-C445-4682-9DAB-C09D963F5391}.Release|Any CPU.ActiveCfg = Release|Any CPU
		{A6C6DD26-C445-4682-9DAB-C09D963F5391}.Release|Any CPU.Build.0 = Release|Any CPU
	EndGlobalSection
	GlobalSection(SolutionProperties) = preSolution
		HideSolutionNode = FALSE
	EndGlobalSection
EndGlobal
